# This file is generated by running "yarn install" inside your project.
# Manual changes might be lost - proceed with caution!

__metadata:
  version: 4
  cacheKey: 7

"@types/json-schema@npm:^7.0.6":
  version: 7.0.6
  resolution: "@types/json-schema@npm:7.0.6"
  checksum: 820cabe35ac915b93e38b0c01957e5c49d7d9f69251dddfbf39af0ff4fe24f6e08b39e55603e0d212dea7bcaa383b1218b58a738d1c02013dc22df06547ff238
  languageName: node
  linkType: hard

"ajv-keywords@npm:^3.5.2":
  version: 3.5.2
  resolution: "ajv-keywords@npm:3.5.2"
  peerDependencies:
    ajv: ^6.9.1
  checksum: 01f26c292304870c03a1cd14fc1ddcf7c713a05611a122c5193694d4050063d5fba46cbf8b5b2ebde364166fddd3c2e0abdcd97df655b7a7fbb3e6634eeb056a
  languageName: node
  linkType: hard

"ajv@npm:^6.12.5":
  version: 6.12.6
  resolution: "ajv@npm:6.12.6"
  dependencies:
    fast-deep-equal: ^3.1.1
    fast-json-stable-stringify: ^2.0.0
    json-schema-traverse: ^0.4.1
    uri-js: ^4.2.2
  checksum: 19a8f3b0a06001eb68e6268f4f9f04424b32baadd5df6ba8292cd473e22e5f4019ed9ab17c3e3510394178ed8bef9b42ad0bdb5c675d65f042421a774780ce1a
  languageName: node
  linkType: hard

"big.js@npm:^5.2.2":
  version: 5.2.2
  resolution: "big.js@npm:5.2.2"
  checksum: ea33d7d25674df4253ae3667da7f48ade6cc8828cb4f2c3a7753f53975f10cebae57e0d1ecf84f1b920b5467262dc0d4f357e5e497b138472d0e64992a8402a4
  languageName: node
  linkType: hard

"emojis-list@npm:^3.0.0":
  version: 3.0.0
  resolution: "emojis-list@npm:3.0.0"
  checksum: a79126b55bc86ee8fd938235a6adf9d457c05fb5bb934e8608b7d35c878d9d1e312a67759244f5c3fba0810b508eb5617e5e6ad6886496ebcfa6832d1c8de3c4
  languageName: node
  linkType: hard

"eventemitter3@npm:^4.0.4":
  version: 4.0.7
  resolution: "eventemitter3@npm:4.0.7"
  checksum: 1fc12c7bc3b4194c50975827e72d56ff57c32b75a4c7dbf4d5eebf3c8371f6f1aad6799150b609de1b867c0d8a9885c08b6ca5e7e0dc437d6152f3063b2607dd
  languageName: node
  linkType: hard

"exports-loader@npm:^1.1.0":
  version: 1.1.1
  resolution: "exports-loader@npm:1.1.1"
  dependencies:
    loader-utils: ^2.0.0
    schema-utils: ^3.0.0
    source-map: ^0.6.1
  peerDependencies:
    webpack: ^4.0.0 || ^5.0.0
  checksum: 123c9c0d63d7d1b6b69db377a1f1c29bb219a8c70f0a9e40454c8c0d90ab796b3a52b2d707bd0482bea1057f47cee1ceb52fcbbb262e49f291d54e180fb195f6
  languageName: node
  linkType: hard

"fast-deep-equal@npm:^3.1.1":
  version: 3.1.3
  resolution: "fast-deep-equal@npm:3.1.3"
  checksum: 451526766b219503131d11e823eaadd1533080b0be4860e316670b039dcaf31cd1007c2fe036a9b922abba7c040dfad5e942ed79d21f2ff849e50049f36e0fb7
  languageName: node
  linkType: hard

"fast-json-stable-stringify@npm:^2.0.0":
  version: 2.1.0
  resolution: "fast-json-stable-stringify@npm:2.1.0"
  checksum: 7df3fabfe445d65953b2d9d9d3958bd895438b215a40fb87dae8b2165c5169a897785eb5d51e6cf0eb03523af756e3d82ea01083f6ac6341fe16db532fee3016
  languageName: node
  linkType: hard

"imports-loader@npm:^1.1.0":
  version: 1.2.0
  resolution: "imports-loader@npm:1.2.0"
  dependencies:
    loader-utils: ^2.0.0
    schema-utils: ^3.0.0
    source-map: ^0.6.1
    strip-comments: ^2.0.1
  peerDependencies:
    webpack: ^4.0.0 || ^5.0.0
  checksum: 01390daa02faab1c35a1ff5d7095fa9950eef7355ba13846f7c74079c2ebf052e4a8eff43d4d51df738284b9faec5590c2b28a0f04bcc0577a8c877914ccd0e0
  languageName: node
  linkType: hard

"inherits@npm:2.0.3":
  version: 2.0.3
  resolution: "inherits@npm:2.0.3"
  checksum: 9488f9433effbc24474f6baee8014e5337c7f99305ecb4204fa5864ae7655c24225780d87fc65ed8d3d374715a18c5dc8c69fe3bf9745cde2e7acd0ac068a07b
  languageName: node
  linkType: hard

"json-schema-traverse@npm:^0.4.1":
  version: 0.4.1
  resolution: "json-schema-traverse@npm:0.4.1"
  checksum: 6f71bddba38aa043cf9c05ff9cf37158a6657909f1dd37032ba164b76923da47a17bb4592ee4f7f9c029dfaf26965b821ac214c1f991bb3bd038c9cfea2da50b
  languageName: node
  linkType: hard

"json5@npm:^2.1.2":
  version: 2.1.3
  resolution: "json5@npm:2.1.3"
  dependencies:
    minimist: ^1.2.5
  bin:
    json5: lib/cli.js
  checksum: 957e4937106cf59975aa0281e68911534d65c8a25be5b4d3559aa55eba351ccab516a943a60ba33e461e4b8af749939986e311de910cbcfd197410b57d971741
  languageName: node
  linkType: hard

"loader-utils@npm:^2.0.0":
  version: 2.0.0
  resolution: "loader-utils@npm:2.0.0"
  dependencies:
    big.js: ^5.2.2
    emojis-list: ^3.0.0
    json5: ^2.1.2
  checksum: a1c2e48781e1501e126a32c39bc1fb1a7e2f02bd99e5aeb8853ddaf3c121fffefcc4579367f97ca6890b58369e571af1c9ec82e4e20db238d560ab359ff25c33
  languageName: node
  linkType: hard

"minimist@npm:^1.2.5":
  version: 1.2.5
  resolution: "minimist@npm:1.2.5"
  checksum: b77b8590147a4e217ff34266236bc39de23b52e6e33054076991ff674c7397a1380a7bde11111916f16f003a94aaa7e4f3d92595a32189644ff607fabc65a5b6
  languageName: node
  linkType: hard

"moonshot-2020@workspace:.":
  version: 0.0.0-use.local
  resolution: "moonshot-2020@workspace:."
  dependencies:
    phaser: 3.24.1
    prettier: ^2.1.2
  languageName: unknown
  linkType: soft

"path@npm:^0.12.7":
  version: 0.12.7
  resolution: "path@npm:0.12.7"
  dependencies:
    process: ^0.11.1
    util: ^0.10.3
  checksum: 0e2d3342ca6f91aba8e514919cae8a08ad12071297a3a99da6e3ea493f5296d9bb323ca9bece4d035fc280e91b701a740ce1e48ff65802004deaaae2f2cd623e
  languageName: node
  linkType: hard

"phaser@npm:3.24.1":
  version: 3.24.1
  resolution: "phaser@npm:3.24.1"
  dependencies:
    eventemitter3: ^4.0.4
    exports-loader: ^1.1.0
    imports-loader: ^1.1.0
    path: ^0.12.7
  checksum: 6ea906f8fa3fac5fdb2634f24d17eeb0769ea759bdcb40d45bc0e4a1d107e08fe88986a10878ff638fe318ef46abd6fb60209e731638c65c9a019dac72c441bc
  languageName: node
  linkType: hard

"prettier@npm:^2.1.2":
  version: 2.1.2
  resolution: "prettier@npm:2.1.2"
  bin:
    prettier: bin-prettier.js
  checksum: bedc24c568efbcfe45f255558900777e2fabb36bf28ed4c22d2456eb22dfb012d12e566a46472ea5b857a4e9f263e888f7e316527d00bb58188f1820b0b0031a
  languageName: node
  linkType: hard

"process@npm:^0.11.1":
  version: 0.11.10
  resolution: "process@npm:0.11.10"
  checksum: ed93a85e9185b40fb01788c588a87c1a9da0eb925ef7cebebbe1b8bbf0eba1802130366603a29e3b689c116969d4fe018de6aed3474bbeb5aefb3716b85d6449
  languageName: node
  linkType: hard

"punycode@npm:^2.1.0":
  version: 2.1.1
  resolution: "punycode@npm:2.1.1"
  checksum: 0202dc191cb35bfd88870ac99a1e824b03486d4cee20b543ef337a6dee8d8b11017da32a3e4c40b69b19976e982c030b62bd72bba42884acb691bc5ef91354c8
  languageName: node
  linkType: hard

"schema-utils@npm:^3.0.0":
  version: 3.0.0
  resolution: "schema-utils@npm:3.0.0"
  dependencies:
    "@types/json-schema": ^7.0.6
    ajv: ^6.12.5
    ajv-keywords: ^3.5.2
  checksum: a084f593f222560c412a4d8f40c92386c01c1c709f27c0672c2f02927a4d4d475f57f8b8e91198d0defb452add160476a03f07a05b26200a64b5124fa874e158
  languageName: node
  linkType: hard

"source-map@npm:^0.6.1":
  version: 0.6.1
  resolution: "source-map@npm:0.6.1"
  checksum: 8647829a0611724114022be455ca1c8a2c8ae61df81c5b3667d9b398207226a1e21174fb7bbf0b4dbeb27ac358222afb5a14f1c74a62a62b8883b012e5eb1270
  languageName: node
  linkType: hard

"strip-comments@npm:^2.0.1":
  version: 2.0.1
  resolution: "strip-comments@npm:2.0.1"
  checksum: 42118f96b334d6d9e3086057d1053060d77327ec6c8ec6307eb9425cba96f949cddb7d24e083c4768b487af60512c0a423bdd79e43eb0d1033ccfd186914b892
  languageName: node
  linkType: hard

"uri-js@npm:^4.2.2":
  version: 4.4.0
  resolution: "uri-js@npm:4.4.0"
  dependencies:
    punycode: ^2.1.0
  checksum: 970577344101f43aa64d1e6ab7f78ff0371df0ff7731de66da268125c2703e7bf70693afd0b76c96325e247466b49b4b081d9f54339e9520b2b9c02b598542a6
  languageName: node
  linkType: hard

"util@npm:^0.10.3":
  version: 0.10.4
  resolution: "util@npm:0.10.4"
  dependencies:
    inherits: 2.0.3
  checksum: 6682ea8239076243495c45e81f19c2c002e02805de4de08554dc815500805923f27f504ec1a9c7599d420b62bf7452efbab6fa078219d529188b0ca830f142a5
  languageName: node
  linkType: hard
