# This file is generated by running "yarn install" inside your project.
# Manual changes might be lost - proceed with caution!

__metadata:
  version: 4
  cacheKey: 7

"@types/json-schema@npm:^7.0.6":
  version: 7.0.6
  resolution: "@types/json-schema@npm:7.0.6"
  checksum: 820cabe35ac915b93e38b0c01957e5c49d7d9f69251dddfbf39af0ff4fe24f6e08b39e55603e0d212dea7bcaa383b1218b58a738d1c02013dc22df06547ff238
  languageName: node
  linkType: hard

"ajv-keywords@npm:^3.5.2":
  version: 3.5.2
  resolution: "ajv-keywords@npm:3.5.2"
  peerDependencies:
    ajv: ^6.9.1
  checksum: 01f26c292304870c03a1cd14fc1ddcf7c713a05611a122c5193694d4050063d5fba46cbf8b5b2ebde364166fddd3c2e0abdcd97df655b7a7fbb3e6634eeb056a
  languageName: node
  linkType: hard

"ajv@npm:^6.12.5":
  version: 6.12.6
  resolution: "ajv@npm:6.12.6"
  dependencies:
    fast-deep-equal: ^3.1.1
    fast-json-stable-stringify: ^2.0.0
    json-schema-traverse: ^0.4.1
    uri-js: ^4.2.2
  checksum: 19a8f3b0a06001eb68e6268f4f9f04424b32baadd5df6ba8292cd473e22e5f4019ed9ab17c3e3510394178ed8bef9b42ad0bdb5c675d65f042421a774780ce1a
  languageName: node
  linkType: hard

"async@npm:^2.6.2":
  version: 2.6.3
  resolution: "async@npm:2.6.3"
  dependencies:
    lodash: ^4.17.14
  checksum: 5c30ec6f3d64308dd96d56dae16a00a23b9e6278fe8f66492837896d958508698648c59c53457d3fdf05fd04484e16538efeca2be38337cd78df0284e764ab34
  languageName: node
  linkType: hard

"basic-auth@npm:^1.0.3":
  version: 1.1.0
  resolution: "basic-auth@npm:1.1.0"
  checksum: dd75a3730b0e7199c6067a63598cbe39470bc9fcacd67c21c3e442d65124909001f0d37c0751fed51f06191d598663b3b2c766d42f3e70313e72e3881ab98f7d
  languageName: node
  linkType: hard

"big.js@npm:^5.2.2":
  version: 5.2.2
  resolution: "big.js@npm:5.2.2"
  checksum: ea33d7d25674df4253ae3667da7f48ade6cc8828cb4f2c3a7753f53975f10cebae57e0d1ecf84f1b920b5467262dc0d4f357e5e497b138472d0e64992a8402a4
  languageName: node
  linkType: hard

"colors@npm:^1.4.0":
  version: 1.4.0
  resolution: "colors@npm:1.4.0"
  checksum: a0f266ac041a9774d92cc9624a984707678d2eeec125d54e8d8231075ce36c24c5352fb5d0f90c6ee420d0f63e354417cec716386ad341309334aad18e32b933
  languageName: node
  linkType: hard

"corser@npm:^2.0.1":
  version: 2.0.1
  resolution: "corser@npm:2.0.1"
  checksum: 5af366b3eacfe1e6a0475e65afd30527a39d0b44c62a8889be0e9204399c22f0462acbec5db04e2ad4ed506b05273668a65688c6e6ebfbcc507a4097592698c2
  languageName: node
  linkType: hard

"debug@npm:^3.1.1":
  version: 3.2.6
  resolution: "debug@npm:3.2.6"
  dependencies:
    ms: ^2.1.1
  checksum: 619feb53b115f1a8341365b8aa58a8757e6632738587d4b61b25627b74891211cb20e31fdbea37fec766e575a60cf456f7a02d6f9eddfdcef80caa6a4b0fc042
  languageName: node
  linkType: hard

"ecstatic@npm:^3.3.2":
  version: 3.3.2
  resolution: "ecstatic@npm:3.3.2"
  dependencies:
    he: ^1.1.1
    mime: ^1.6.0
    minimist: ^1.1.0
    url-join: ^2.0.5
  bin:
    ecstatic: ./lib/ecstatic.js
  checksum: a6185a71daa21e8bdbaca3117e9eda90edc40d85c34eb1c0af3209a162cd8385624f15e46940f1dcfe96bad01fc82fa0df09caa51d7a052637eb22dd11c1426f
  languageName: node
  linkType: hard

"emojis-list@npm:^3.0.0":
  version: 3.0.0
  resolution: "emojis-list@npm:3.0.0"
  checksum: a79126b55bc86ee8fd938235a6adf9d457c05fb5bb934e8608b7d35c878d9d1e312a67759244f5c3fba0810b508eb5617e5e6ad6886496ebcfa6832d1c8de3c4
  languageName: node
  linkType: hard

"eventemitter3@npm:^4.0.0, eventemitter3@npm:^4.0.4":
  version: 4.0.7
  resolution: "eventemitter3@npm:4.0.7"
  checksum: 1fc12c7bc3b4194c50975827e72d56ff57c32b75a4c7dbf4d5eebf3c8371f6f1aad6799150b609de1b867c0d8a9885c08b6ca5e7e0dc437d6152f3063b2607dd
  languageName: node
  linkType: hard

"exports-loader@npm:^1.1.0":
  version: 1.1.1
  resolution: "exports-loader@npm:1.1.1"
  dependencies:
    loader-utils: ^2.0.0
    schema-utils: ^3.0.0
    source-map: ^0.6.1
  peerDependencies:
    webpack: ^4.0.0 || ^5.0.0
  checksum: 123c9c0d63d7d1b6b69db377a1f1c29bb219a8c70f0a9e40454c8c0d90ab796b3a52b2d707bd0482bea1057f47cee1ceb52fcbbb262e49f291d54e180fb195f6
  languageName: node
  linkType: hard

"fast-deep-equal@npm:^3.1.1":
  version: 3.1.3
  resolution: "fast-deep-equal@npm:3.1.3"
  checksum: 451526766b219503131d11e823eaadd1533080b0be4860e316670b039dcaf31cd1007c2fe036a9b922abba7c040dfad5e942ed79d21f2ff849e50049f36e0fb7
  languageName: node
  linkType: hard

"fast-json-stable-stringify@npm:^2.0.0":
  version: 2.1.0
  resolution: "fast-json-stable-stringify@npm:2.1.0"
  checksum: 7df3fabfe445d65953b2d9d9d3958bd895438b215a40fb87dae8b2165c5169a897785eb5d51e6cf0eb03523af756e3d82ea01083f6ac6341fe16db532fee3016
  languageName: node
  linkType: hard

"follow-redirects@npm:^1.0.0":
  version: 1.13.0
  resolution: "follow-redirects@npm:1.13.0"
  checksum: f220828d3f153da30ea616fdbe9f6676e74e4e68c51d336a751037c1d556e2de34aa5918f58951fa19bb6517c9c88b4403a0a8bdfc40d3e779d37def2ac0f2c4
  languageName: node
  linkType: hard

"he@npm:^1.1.1":
  version: 1.2.0
  resolution: "he@npm:1.2.0"
  bin:
    he: bin/he
  checksum: 212122003c20c8c17ac0c83a419b4c8e835411ff6ab9195d053ea6e4a0597cc005b5b8eabcbd57b0b0c0fe676f0049e09315845fff4e051198845491cbba260e
  languageName: node
  linkType: hard

"http-proxy@npm:^1.18.0":
  version: 1.18.1
  resolution: "http-proxy@npm:1.18.1"
  dependencies:
    eventemitter3: ^4.0.0
    follow-redirects: ^1.0.0
    requires-port: ^1.0.0
  checksum: fc2062718d77868eff0d2707652d7e0d302a0f85d90f317daa410df5c41fbe009589c80bc73cc72a44368bb37d071c8f52aaa5b3ce82a08f3524a79ddf178b9b
  languageName: node
  linkType: hard

"http-server@npm:^0.12.3":
  version: 0.12.3
  resolution: "http-server@npm:0.12.3"
  dependencies:
    basic-auth: ^1.0.3
    colors: ^1.4.0
    corser: ^2.0.1
    ecstatic: ^3.3.2
    http-proxy: ^1.18.0
    minimist: ^1.2.5
    opener: ^1.5.1
    portfinder: ^1.0.25
    secure-compare: 3.0.1
    union: ~0.5.0
  bin:
    hs: bin/http-server
    http-server: bin/http-server
  checksum: cbb1f5b9261f7018372f1356bcd2c8a67c8e8aaed9d0c47adcf28e7cb31f866a339285bc5a544bb85ece5ea12807ce9b86c6e465afea2a2195888672d4dd25f9
  languageName: node
  linkType: hard

"imports-loader@npm:^1.1.0":
  version: 1.2.0
  resolution: "imports-loader@npm:1.2.0"
  dependencies:
    loader-utils: ^2.0.0
    schema-utils: ^3.0.0
    source-map: ^0.6.1
    strip-comments: ^2.0.1
  peerDependencies:
    webpack: ^4.0.0 || ^5.0.0
  checksum: 01390daa02faab1c35a1ff5d7095fa9950eef7355ba13846f7c74079c2ebf052e4a8eff43d4d51df738284b9faec5590c2b28a0f04bcc0577a8c877914ccd0e0
  languageName: node
  linkType: hard

"inherits@npm:2.0.3":
  version: 2.0.3
  resolution: "inherits@npm:2.0.3"
  checksum: 9488f9433effbc24474f6baee8014e5337c7f99305ecb4204fa5864ae7655c24225780d87fc65ed8d3d374715a18c5dc8c69fe3bf9745cde2e7acd0ac068a07b
  languageName: node
  linkType: hard

"json-schema-traverse@npm:^0.4.1":
  version: 0.4.1
  resolution: "json-schema-traverse@npm:0.4.1"
  checksum: 6f71bddba38aa043cf9c05ff9cf37158a6657909f1dd37032ba164b76923da47a17bb4592ee4f7f9c029dfaf26965b821ac214c1f991bb3bd038c9cfea2da50b
  languageName: node
  linkType: hard

"json5@npm:^2.1.2":
  version: 2.1.3
  resolution: "json5@npm:2.1.3"
  dependencies:
    minimist: ^1.2.5
  bin:
    json5: lib/cli.js
  checksum: 957e4937106cf59975aa0281e68911534d65c8a25be5b4d3559aa55eba351ccab516a943a60ba33e461e4b8af749939986e311de910cbcfd197410b57d971741
  languageName: node
  linkType: hard

"loader-utils@npm:^2.0.0":
  version: 2.0.0
  resolution: "loader-utils@npm:2.0.0"
  dependencies:
    big.js: ^5.2.2
    emojis-list: ^3.0.0
    json5: ^2.1.2
  checksum: a1c2e48781e1501e126a32c39bc1fb1a7e2f02bd99e5aeb8853ddaf3c121fffefcc4579367f97ca6890b58369e571af1c9ec82e4e20db238d560ab359ff25c33
  languageName: node
  linkType: hard

"lodash@npm:^4.17.14":
  version: 4.17.20
  resolution: "lodash@npm:4.17.20"
  checksum: c62101d2500c383b5f174a7e9e6fe8098149ddd6e9ccfa85f36d4789446195f5c4afd3cfba433026bcaf3da271256566b04a2bf2618e5a39f6e67f8c12030cb6
  languageName: node
  linkType: hard

"mime@npm:^1.6.0":
  version: 1.6.0
  resolution: "mime@npm:1.6.0"
  bin:
    mime: cli.js
  checksum: d540c24dd3e3a9e25e813714e55ff2f7841a3a1a47aed9786c508bd0251653d5e9abbfb1163c0c6e1be99f872d7fa1538c068bd6e306e9cb12dd9affa841a61e
  languageName: node
  linkType: hard

"minimist@npm:^1.1.0, minimist@npm:^1.2.5":
  version: 1.2.5
  resolution: "minimist@npm:1.2.5"
  checksum: b77b8590147a4e217ff34266236bc39de23b52e6e33054076991ff674c7397a1380a7bde11111916f16f003a94aaa7e4f3d92595a32189644ff607fabc65a5b6
  languageName: node
  linkType: hard

"mkdirp@npm:^0.5.5":
  version: 0.5.5
  resolution: "mkdirp@npm:0.5.5"
  dependencies:
    minimist: ^1.2.5
  bin:
    mkdirp: bin/cmd.js
  checksum: 9dd9792e891927b14ca02226dbe1daeb717b9517a001620d5e2658bbc72c5e4f06887b6cbcbb60595fa5a56e701073cf250f1ed69c1988a6b89faf9fd6a4d049
  languageName: node
  linkType: hard

"moonshot-2020@workspace:.":
  version: 0.0.0-use.local
  resolution: "moonshot-2020@workspace:."
  dependencies:
    http-server: ^0.12.3
    phaser: 3.24.1
    prettier: ^2.1.2
  languageName: unknown
  linkType: soft

"ms@npm:^2.1.1":
  version: 2.1.2
  resolution: "ms@npm:2.1.2"
  checksum: 9b65fb709bc30c0c07289dcbdb61ca032acbb9ea5698b55fa62e2cebb04c5953f1876a1f3f7f4bc2e91d4bf4d86003f3e207c3bc6ee2f716f99827e62389cd0e
  languageName: node
  linkType: hard

"opener@npm:^1.5.1":
  version: 1.5.2
  resolution: "opener@npm:1.5.2"
  bin:
    opener: bin/opener-bin.js
  checksum: 855420de4ffbfed1a25f000e7d146c4194aa678cc113d428572de67f9491f6721183ffdeb705af3b08404e29f7ec451b88da9ae19347a515872803dfabef471c
  languageName: node
  linkType: hard

"path@npm:^0.12.7":
  version: 0.12.7
  resolution: "path@npm:0.12.7"
  dependencies:
    process: ^0.11.1
    util: ^0.10.3
  checksum: 0e2d3342ca6f91aba8e514919cae8a08ad12071297a3a99da6e3ea493f5296d9bb323ca9bece4d035fc280e91b701a740ce1e48ff65802004deaaae2f2cd623e
  languageName: node
  linkType: hard

"phaser@npm:3.24.1":
  version: 3.24.1
  resolution: "phaser@npm:3.24.1"
  dependencies:
    eventemitter3: ^4.0.4
    exports-loader: ^1.1.0
    imports-loader: ^1.1.0
    path: ^0.12.7
  checksum: 6ea906f8fa3fac5fdb2634f24d17eeb0769ea759bdcb40d45bc0e4a1d107e08fe88986a10878ff638fe318ef46abd6fb60209e731638c65c9a019dac72c441bc
  languageName: node
  linkType: hard

"portfinder@npm:^1.0.25":
  version: 1.0.28
  resolution: "portfinder@npm:1.0.28"
  dependencies:
    async: ^2.6.2
    debug: ^3.1.1
    mkdirp: ^0.5.5
  checksum: 906dc51482ef9336a812df0b2960119e4464c7d14b69e489bf88bbeea317175a5700712688e953b9b2a2a2de0dc28824f0cb01206c56dd8350f3798e212b5bb8
  languageName: node
  linkType: hard

"prettier@npm:^2.1.2":
  version: 2.1.2
  resolution: "prettier@npm:2.1.2"
  bin:
    prettier: bin-prettier.js
  checksum: bedc24c568efbcfe45f255558900777e2fabb36bf28ed4c22d2456eb22dfb012d12e566a46472ea5b857a4e9f263e888f7e316527d00bb58188f1820b0b0031a
  languageName: node
  linkType: hard

"process@npm:^0.11.1":
  version: 0.11.10
  resolution: "process@npm:0.11.10"
  checksum: ed93a85e9185b40fb01788c588a87c1a9da0eb925ef7cebebbe1b8bbf0eba1802130366603a29e3b689c116969d4fe018de6aed3474bbeb5aefb3716b85d6449
  languageName: node
  linkType: hard

"punycode@npm:^2.1.0":
  version: 2.1.1
  resolution: "punycode@npm:2.1.1"
  checksum: 0202dc191cb35bfd88870ac99a1e824b03486d4cee20b543ef337a6dee8d8b11017da32a3e4c40b69b19976e982c030b62bd72bba42884acb691bc5ef91354c8
  languageName: node
  linkType: hard

"qs@npm:^6.4.0":
  version: 6.9.4
  resolution: "qs@npm:6.9.4"
  checksum: beba62d1e1c66e9888cc08a488eb95771c252a92289a96bff4b767a49e4e7afe9487d7ee3269b856292d8281b855ac5eac927c2e77f845e407ee4fe54743fea7
  languageName: node
  linkType: hard

"requires-port@npm:^1.0.0":
  version: 1.0.0
  resolution: "requires-port@npm:1.0.0"
  checksum: 0db25fb2ac9b4f2345a350846b7ba99d1f25a6686b1728246d14f05450c8f2fc066bdfae4561b4be2627c184a030a27e17268cfefdf46836e271db13734bc49e
  languageName: node
  linkType: hard

"schema-utils@npm:^3.0.0":
  version: 3.0.0
  resolution: "schema-utils@npm:3.0.0"
  dependencies:
    "@types/json-schema": ^7.0.6
    ajv: ^6.12.5
    ajv-keywords: ^3.5.2
  checksum: a084f593f222560c412a4d8f40c92386c01c1c709f27c0672c2f02927a4d4d475f57f8b8e91198d0defb452add160476a03f07a05b26200a64b5124fa874e158
  languageName: node
  linkType: hard

"secure-compare@npm:3.0.1":
  version: 3.0.1
  resolution: "secure-compare@npm:3.0.1"
  checksum: 6444a93f74532ca0628698461fbad281efcb826268f31dcc492823eef4be9c6d9254000e296189f7173db8774f3527e13d0e757020d2c3c683ba64f899c3600e
  languageName: node
  linkType: hard

"source-map@npm:^0.6.1":
  version: 0.6.1
  resolution: "source-map@npm:0.6.1"
  checksum: 8647829a0611724114022be455ca1c8a2c8ae61df81c5b3667d9b398207226a1e21174fb7bbf0b4dbeb27ac358222afb5a14f1c74a62a62b8883b012e5eb1270
  languageName: node
  linkType: hard

"strip-comments@npm:^2.0.1":
  version: 2.0.1
  resolution: "strip-comments@npm:2.0.1"
  checksum: 42118f96b334d6d9e3086057d1053060d77327ec6c8ec6307eb9425cba96f949cddb7d24e083c4768b487af60512c0a423bdd79e43eb0d1033ccfd186914b892
  languageName: node
  linkType: hard

"union@npm:~0.5.0":
  version: 0.5.0
  resolution: "union@npm:0.5.0"
  dependencies:
    qs: ^6.4.0
  checksum: 38d86c00ee687fe2a6a8a823293550dee10a09eb11217cf8a75c8b2a256c67be8d6281a3874c3ca7c1e83c6741726fea5f1483b1435b2a56c837511975730e36
  languageName: node
  linkType: hard

"uri-js@npm:^4.2.2":
  version: 4.4.0
  resolution: "uri-js@npm:4.4.0"
  dependencies:
    punycode: ^2.1.0
  checksum: 970577344101f43aa64d1e6ab7f78ff0371df0ff7731de66da268125c2703e7bf70693afd0b76c96325e247466b49b4b081d9f54339e9520b2b9c02b598542a6
  languageName: node
  linkType: hard

"url-join@npm:^2.0.5":
  version: 2.0.5
  resolution: "url-join@npm:2.0.5"
  checksum: 142e04d81bd5c2c71d6f499d20d97360e64c0654f691ed098514539508eb23ab2805ef33408b2718359e50ff35d5a841f607dc6d7d5e55b8bfc5906c6f7ddcb6
  languageName: node
  linkType: hard

"util@npm:^0.10.3":
  version: 0.10.4
  resolution: "util@npm:0.10.4"
  dependencies:
    inherits: 2.0.3
  checksum: 6682ea8239076243495c45e81f19c2c002e02805de4de08554dc815500805923f27f504ec1a9c7599d420b62bf7452efbab6fa078219d529188b0ca830f142a5
  languageName: node
  linkType: hard
